{
  "name": "street-style-api",
  "lockfileVersion": 2,
  "requires": true,
  "packages": {
    "": {
      "name": "street-style-api",
      "dependencies": {
        "express": "4.8.*",
        "mongoose": "~3.6.13"
      }
    },
    "node_modules/accepts": {
      "version": "1.0.7",
      "resolved": "https://registry.npmjs.org/accepts/-/accepts-1.0.7.tgz",
      "integrity": "sha512-iq8ew2zitUlNcUca0wye3fYwQ6sSPItDo38oC0R+XA5KTzeXRN+GF7NjOXs3dVItj4J+gQVdpq4/qbnMb1hMHw==",
      "dependencies": {
        "mime-types": "~1.0.0",
        "negotiator": "0.4.7"
      },
      "engines": {
        "node": ">= 0.8.0"
      }
    },
    "node_modules/bson": {
      "version": "0.2.2",
      "resolved": "https://registry.npmjs.org/bson/-/bson-0.2.2.tgz",
      "integrity": "sha512-lL3VqRQ3bNAHRTFvY+r3SRnbicZgmXq+YNEYTLEwx4OmObCc0bx/SkjAS8ZsdxZUVb238F3bTdFYJ6WVdeWVFg==",
      "deprecated": "Fixed a critical issue with BSON serialization documented in CVE-2019-2391, see https://bit.ly/2KcpXdo for more details",
      "hasInstallScript": true,
      "engines": {
        "node": ">=0.6.19"
      }
    },
    "node_modules/buffer-crc32": {
      "version": "0.2.3",
      "resolved": "https://registry.npmjs.org/buffer-crc32/-/buffer-crc32-0.2.3.tgz",
      "integrity": "sha512-HLvoSqq1z8fJEcT1lUlJZ4OJaXJZ1wsWm0+fBxkz9Bdf/WphA4Da7FtGUguNNyEXL4WB0hNMTaWmdFRFPy8YOQ==",
      "engines": {
        "node": "*"
      }
    },
    "node_modules/cookie": {
      "version": "0.1.2",
      "resolved": "https://registry.npmjs.org/cookie/-/cookie-0.1.2.tgz",
      "integrity": "sha1-cv7D0k5Io0Mgc9kMEmQgBQYQBLE=",
      "engines": {
        "node": "*"
      }
    },
    "node_modules/cookie-signature": {
      "version": "1.0.4",
      "resolved": "https://registry.npmjs.org/cookie-signature/-/cookie-signature-1.0.4.tgz",
      "integrity": "sha1-Dt0iKG46ERuaKnDbNj6SXoZ/aso="
    },
    "node_modules/debug": {
      "version": "1.0.4",
      "resolved": "https://registry.npmjs.org/debug/-/debug-1.0.4.tgz",
      "integrity": "sha1-W5wla9VLbsAigxdvqKDt5tFUy/g=",
      "dependencies": {
        "ms": "0.6.2"
      }
    },
    "node_modules/debug/node_modules/ms": {
      "version": "0.6.2",
      "resolved": "https://registry.npmjs.org/ms/-/ms-0.6.2.tgz",
      "integrity": "sha1-2JwhJMb9wTU9Zai3e/GqxLGTcIw="
    },
    "node_modules/depd": {
      "version": "0.4.4",
      "resolved": "https://registry.npmjs.org/depd/-/depd-0.4.4.tgz",
      "integrity": "sha1-BwkfrnX5eCjYm0oCotR3jw58BmI=",
      "engines": {
        "node": ">= 0.8.0"
      }
    },
    "node_modules/destroy": {
      "version": "1.0.3",
      "resolved": "https://registry.npmjs.org/destroy/-/destroy-1.0.3.tgz",
      "integrity": "sha1-tDO0ck5x/YVR2YhRdIUcX8N34sk="
    },
    "node_modules/ee-first": {
      "version": "1.0.5",
      "resolved": "https://registry.npmjs.org/ee-first/-/ee-first-1.0.5.tgz",
      "integrity": "sha1-jJshKJjYzZ8alDZlDOe+ICyen/A="
    },
    "node_modules/escape-html": {
      "version": "1.0.1",
      "resolved": "https://registry.npmjs.org/escape-html/-/escape-html-1.0.1.tgz",
      "integrity": "sha1-GBoobq05ejmpKFfPsdQwUuNWv/A="
    },
    "node_modules/express": {
      "version": "4.8.8",
      "resolved": "https://registry.npmjs.org/express/-/express-4.8.8.tgz",
      "integrity": "sha1-aro0jM36h2CAQLEsoAEBB6Cqwo4=",
      "dependencies": {
        "accepts": "~1.0.7",
        "buffer-crc32": "0.2.3",
        "cookie": "0.1.2",
        "cookie-signature": "1.0.4",
        "debug": "1.0.4",
        "depd": "0.4.4",
        "escape-html": "1.0.1",
        "finalhandler": "0.1.0",
        "fresh": "0.2.2",
        "media-typer": "0.2.0",
        "merge-descriptors": "0.0.2",
        "methods": "1.1.0",
        "parseurl": "~1.3.0",
        "path-to-regexp": "0.1.3",
        "proxy-addr": "1.0.1",
        "qs": "2.2.2",
        "range-parser": "1.0.0",
        "send": "0.8.5",
        "serve-static": "~1.5.4",
        "type-is": "~1.3.2",
        "utils-merge": "1.0.0",
        "vary": "0.1.0"
      },
      "engines": {
        "node": ">= 0.10.0"
      }
    },
    "node_modules/finalhandler": {
      "version": "0.1.0",
      "resolved": "https://registry.npmjs.org/finalhandler/-/finalhandler-0.1.0.tgz",
      "integrity": "sha1-2gW7xPX0owyEzh2R88FUAHxOnao=",
      "dependencies": {
        "debug": "1.0.4",
        "escape-html": "1.0.1"
      },
      "engines": {
        "node": ">= 0.8.0"
      }
    },
    "node_modules/fresh": {
      "version": "0.2.2",
      "resolved": "https://registry.npmjs.org/fresh/-/fresh-0.2.2.tgz",
      "integrity": "sha1-lzHc9WeMf660T7kDxPct9VGH+nc="
    },
    "node_modules/hooks": {
      "version": "0.2.1",
      "resolved": "https://registry.npmjs.org/hooks/-/hooks-0.2.1.tgz",
      "integrity": "sha1-D1kbGzRL3LPfWXc/Yvu6+Fv0Aos=",
      "engines": {
        "node": ">=0.4.0"
      }
    },
    "node_modules/ipaddr.js": {
      "version": "0.1.2",
      "resolved": "https://registry.npmjs.org/ipaddr.js/-/ipaddr.js-0.1.2.tgz",
      "integrity": "sha1-ah/T2FT1ACllw017vNm0qNSwRn4=",
      "engines": {
        "node": ">= 0.2.5"
      }
    },
    "node_modules/kerberos": {
      "version": "0.0.3",
      "resolved": "https://registry.npmjs.org/kerberos/-/kerberos-0.0.3.tgz",
      "integrity": "sha1-QoXZKgdI2yeEBi9a3OyfWVbLgYo=",
      "hasInstallScript": true,
      "optional": true
    },
    "node_modules/media-typer": {
      "version": "0.2.0",
      "resolved": "https://registry.npmjs.org/media-typer/-/media-typer-0.2.0.tgz",
      "integrity": "sha1-2KBlITrf6qLnYyGitt2jb/YzWYQ=",
      "engines": {
        "node": ">= 0.8.0"
      }
    },
    "node_modules/merge-descriptors": {
      "version": "0.0.2",
      "resolved": "https://registry.npmjs.org/merge-descriptors/-/merge-descriptors-0.0.2.tgz",
      "integrity": "sha1-w2pSp4FDdRPFcnXzndnTF1FKyMc="
    },
    "node_modules/methods": {
      "version": "1.1.0",
      "resolved": "https://registry.npmjs.org/methods/-/methods-1.1.0.tgz",
      "integrity": "sha1-XcpO4S31L/OwVhRZhqjwHLyGQ28="
    },
    "node_modules/mime": {
      "version": "1.2.11",
      "resolved": "https://registry.npmjs.org/mime/-/mime-1.2.11.tgz",
      "integrity": "sha1-WCA+7Ybjpe8XrtK32evUfwpg3RA="
    },
    "node_modules/mime-types": {
      "version": "1.0.2",
      "resolved": "https://registry.npmjs.org/mime-types/-/mime-types-1.0.2.tgz",
      "integrity": "sha1-mVrhOSq4r/y/yyZB3QVOlDwNXc4=",
      "engines": {
        "node": ">= 0.8.0"
      }
    },
    "node_modules/mongodb": {
      "version": "1.3.19",
      "resolved": "https://registry.npmjs.org/mongodb/-/mongodb-1.3.19.tgz",
      "integrity": "sha1-8inbJAmPAZ2G0TWq+KGrXyZYsdQ=",
      "deprecated": "Please upgrade to 2.2.19 or higher",
      "dependencies": {
        "bson": "0.2.2"
      },
      "engines": {
        "node": ">=0.6.19"
      },
      "optionalDependencies": {
        "kerberos": "0.0.3"
      }
    },
    "node_modules/mongoose": {
      "version": "3.6.20",
      "resolved": "https://registry.npmjs.org/mongoose/-/mongoose-3.6.20.tgz",
      "integrity": "sha1-RyY4Q+a4EuogfuwQTECjbI0hX1M=",
      "dependencies": {
        "hooks": "0.2.1",
        "mongodb": "1.3.19",
        "mpath": "0.1.1",
        "mpromise": "0.2.1",
        "ms": "0.1.0",
        "muri": "0.3.1",
        "regexp-clone": "0.0.1",
        "sliced": "0.0.5"
      },
      "engines": {
        "node": ">=0.6.19"
      }
    },
    "node_modules/mpath": {
      "version": "0.1.1",
      "resolved": "https://registry.npmjs.org/mpath/-/mpath-0.1.1.tgz",
      "integrity": "sha1-I9qFK3wjLuCX9HWdKcDunNItXkY="
    },
    "node_modules/mpromise": {
      "version": "0.2.1",
      "resolved": "https://registry.npmjs.org/mpromise/-/mpromise-0.2.1.tgz",
      "integrity": "sha1-+73CjLAgfkm4pOsaTAzqbC3nlMg=",
      "dependencies": {
        "sliced": "0.0.4"
      }
    },
    "node_modules/mpromise/node_modules/sliced": {
      "version": "0.0.4",
      "resolved": "https://registry.npmjs.org/sliced/-/sliced-0.0.4.tgz",
      "integrity": "sha1-NPiabbHzH6Ul9aVw9bz4d88JVe4="
    },
    "node_modules/ms": {
      "version": "0.1.0",
      "resolved": "https://registry.npmjs.org/ms/-/ms-0.1.0.tgz",
      "integrity": "sha1-8h+sSQ2vHXZn/RgP6QdzicyUQrI=",
      "engines": {
        "node": "*"
      }
    },
    "node_modules/muri": {
      "version": "0.3.1",
      "resolved": "https://registry.npmjs.org/muri/-/muri-0.3.1.tgz",
      "integrity": "sha1-hhiJxchX8aQ3AL7oXVBzH2FyfJo="
    },
    "node_modules/negotiator": {
      "version": "0.4.7",
      "resolved": "https://registry.npmjs.org/negotiator/-/negotiator-0.4.7.tgz",
      "integrity": "sha1-pBYPcXfsgGc4Yx0NMFIyXaQqvcg=",
      "engines": {
        "node": "*"
      }
    },
    "node_modules/on-finished": {
      "version": "2.1.0",
      "resolved": "https://registry.npmjs.org/on-finished/-/on-finished-2.1.0.tgz",
      "integrity": "sha1-DFOfCSkej/rd4MiiWFD7LO3HAi0=",
      "dependencies": {
        "ee-first": "1.0.5"
      }
    },
    "node_modules/parseurl": {
      "version": "1.3.3",
      "resolved": "https://registry.npmjs.org/parseurl/-/parseurl-1.3.3.tgz",
      "integrity": "sha512-CiyeOxFT/JZyN5m0z9PfXw4SCBJ6Sygz1Dpl0wqjlhDEGGBP1GnsUVEL0p63hoG1fcj3fHynXi9NYO4nWOL+qQ==",
      "engines": {
        "node": ">= 0.8"
      }
    },
    "node_modules/path-to-regexp": {
      "version": "0.1.3",
      "resolved": "https://registry.npmjs.org/path-to-regexp/-/path-to-regexp-0.1.3.tgz",
      "integrity": "sha1-IbmrgidCed4lsVbqCP0SylG4rss="
    },
    "node_modules/proxy-addr": {
      "version": "1.0.1",
      "resolved": "https://registry.npmjs.org/proxy-addr/-/proxy-addr-1.0.1.tgz",
      "integrity": "sha1-x8Vm1etOP61n7rnHfFVYzMObiKg=",
      "dependencies": {
        "ipaddr.js": "0.1.2"
      },
      "engines": {
        "node": ">= 0.8.0"
      }
    },
    "node_modules/qs": {
      "version": "2.2.2",
      "resolved": "https://registry.npmjs.org/qs/-/qs-2.2.2.tgz",
      "integrity": "sha1-3+eD8YVLGsKzreknda0D4n4DIYw="
    },
    "node_modules/range-parser": {
      "version": "1.0.0",
      "resolved": "https://registry.npmjs.org/range-parser/-/range-parser-1.0.0.tgz",
      "integrity": "sha1-pLJkz+C+XONqvjdlrJwqJIdG28A="
    },
    "node_modules/regexp-clone": {
      "version": "0.0.1",
      "resolved": "https://registry.npmjs.org/regexp-clone/-/regexp-clone-0.0.1.tgz",
      "integrity": "sha1-p8LgmJH9vzj7sQ03b7cwA+aKxYk="
    },
    "node_modules/send": {
      "version": "0.8.5",
      "resolved": "https://registry.npmjs.org/send/-/send-0.8.5.tgz",
      "integrity": "sha1-N/cIIW5vUMF150xp/sU0hOL9gsc=",
      "dependencies": {
        "debug": "1.0.4",
        "depd": "0.4.4",
        "destroy": "1.0.3",
        "escape-html": "1.0.1",
        "fresh": "0.2.2",
        "mime": "1.2.11",
        "ms": "0.6.2",
        "on-finished": "2.1.0",
        "range-parser": "~1.0.0"
      },
      "engines": {
        "node": ">= 0.8.0"
      }
    },
    "node_modules/send/node_modules/ms": {
      "version": "0.6.2",
      "resolved": "https://registry.npmjs.org/ms/-/ms-0.6.2.tgz",
      "integrity": "sha1-2JwhJMb9wTU9Zai3e/GqxLGTcIw="
    },
    "node_modules/serve-static": {
      "version": "1.5.4",
      "resolved": "https://registry.npmjs.org/serve-static/-/serve-static-1.5.4.tgz",
      "integrity": "sha1-gZ+zeuRr0C3VILd/z3/Y9REvl4I=",
      "dependencies": {
        "escape-html": "1.0.1",
        "parseurl": "~1.3.0",
        "send": "0.8.5",
        "utils-merge": "1.0.0"
      },
      "engines": {
        "node": ">= 0.8.0"
      }
    },
    "node_modules/sliced": {
      "version": "0.0.5",
      "resolved": "https://registry.npmjs.org/sliced/-/sliced-0.0.5.tgz",
      "integrity": "sha1-XtwETKTrb3gW1Qui/GPiXY/kcH8="
    },
    "node_modules/type-is": {
      "version": "1.3.2",
      "resolved": "https://registry.npmjs.org/type-is/-/type-is-1.3.2.tgz",
      "integrity": "sha1-TypdxYd1yhYwJQr8cYb4s2MJ0bs=",
      "dependencies": {
        "media-typer": "0.2.0",
        "mime-types": "~1.0.1"
      },
      "engines": {
        "node": ">= 0.8"
      }
    },
    "node_modules/utils-merge": {
      "version": "1.0.0",
      "resolved": "https://registry.npmjs.org/utils-merge/-/utils-merge-1.0.0.tgz",
      "integrity": "sha1-ApT7kiu5N1FTVBxPcJYjHyh8ivg=",
      "engines": {
        "node": ">= 0.4.0"
      }
    },
    "node_modules/vary": {
      "version": "0.1.0",
      "resolved": "https://registry.npmjs.org/vary/-/vary-0.1.0.tgz",
      "integrity": "sha1-3wlFiZ6TwMxb0YzIMh2dIedPYXY=",
      "engines": {
        "node": ">= 0.8.0"
      }
    }
  },
  "dependencies": {
    "accepts": {
      "version": "1.0.7",
      "resolved": "https://registry.npmjs.org/accepts/-/accepts-1.0.7.tgz",
      "integrity": "sha512-iq8ew2zitUlNcUca0wye3fYwQ6sSPItDo38oC0R+XA5KTzeXRN+GF7NjOXs3dVItj4J+gQVdpq4/qbnMb1hMHw==",
      "requires": {
        "mime-types": "~1.0.0",
        "negotiator": "0.4.7"
      }
    },
    "bson": {
      "version": "0.2.2",
      "resolved": "https://registry.npmjs.org/bson/-/bson-0.2.2.tgz",
      "integrity": "sha512-lL3VqRQ3bNAHRTFvY+r3SRnbicZgmXq+YNEYTLEwx4OmObCc0bx/SkjAS8ZsdxZUVb238F3bTdFYJ6WVdeWVFg=="
    },
    "buffer-crc32": {
      "version": "0.2.3",
      "resolved": "https://registry.npmjs.org/buffer-crc32/-/buffer-crc32-0.2.3.tgz",
      "integrity": "sha512-HLvoSqq1z8fJEcT1lUlJZ4OJaXJZ1wsWm0+fBxkz9Bdf/WphA4Da7FtGUguNNyEXL4WB0hNMTaWmdFRFPy8YOQ=="
    },
    "cookie": {
      "version": "0.1.2",
      "resolved": "https://registry.npmjs.org/cookie/-/cookie-0.1.2.tgz",
      "integrity": "sha1-cv7D0k5Io0Mgc9kMEmQgBQYQBLE="
    },
    "cookie-signature": {
      "version": "1.0.4",
      "resolved": "https://registry.npmjs.org/cookie-signature/-/cookie-signature-1.0.4.tgz",
      "integrity": "sha1-Dt0iKG46ERuaKnDbNj6SXoZ/aso="
    },
    "debug": {
      "version": "1.0.4",
      "resolved": "https://registry.npmjs.org/debug/-/debug-1.0.4.tgz",
      "integrity": "sha1-W5wla9VLbsAigxdvqKDt5tFUy/g=",
      "requires": {
        "ms": "0.6.2"
      },
      "dependencies": {
        "ms": {
          "version": "0.6.2",
          "resolved": "https://registry.npmjs.org/ms/-/ms-0.6.2.tgz",
          "integrity": "sha1-2JwhJMb9wTU9Zai3e/GqxLGTcIw="
        }
      }
    },
    "depd": {
      "version": "0.4.4",
      "resolved": "https://registry.npmjs.org/depd/-/depd-0.4.4.tgz",
      "integrity": "sha1-BwkfrnX5eCjYm0oCotR3jw58BmI="
    },
    "destroy": {
      "version": "1.0.3",
      "resolved": "https://registry.npmjs.org/destroy/-/destroy-1.0.3.tgz",
      "integrity": "sha1-tDO0ck5x/YVR2YhRdIUcX8N34sk="
    },
    "ee-first": {
      "version": "1.0.5",
      "resolved": "https://registry.npmjs.org/ee-first/-/ee-first-1.0.5.tgz",
      "integrity": "sha1-jJshKJjYzZ8alDZlDOe+ICyen/A="
    },
    "escape-html": {
      "version": "1.0.1",
      "resolved": "https://registry.npmjs.org/escape-html/-/escape-html-1.0.1.tgz",
      "integrity": "sha1-GBoobq05ejmpKFfPsdQwUuNWv/A="
    },
    "express": {
      "version": "4.8.8",
      "resolved": "https://registry.npmjs.org/express/-/express-4.8.8.tgz",
      "integrity": "sha1-aro0jM36h2CAQLEsoAEBB6Cqwo4=",
      "requires": {
        "accepts": "~1.0.7",
        "buffer-crc32": "0.2.3",
        "cookie": "0.1.2",
        "cookie-signature": "1.0.4",
        "debug": "1.0.4",
        "depd": "0.4.4",
        "escape-html": "1.0.1",
        "finalhandler": "0.1.0",
        "fresh": "0.2.2",
        "media-typer": "0.2.0",
        "merge-descriptors": "0.0.2",
        "methods": "1.1.0",
        "parseurl": "~1.3.0",
        "path-to-regexp": "0.1.3",
        "proxy-addr": "1.0.1",
        "qs": "2.2.2",
        "range-parser": "1.0.0",
        "send": "0.8.5",
        "serve-static": "~1.5.4",
        "type-is": "~1.3.2",
        "utils-merge": "1.0.0",
        "vary": "0.1.0"
      }
    },
    "finalhandler": {
      "version": "0.1.0",
      "resolved": "https://registry.npmjs.org/finalhandler/-/finalhandler-0.1.0.tgz",
      "integrity": "sha1-2gW7xPX0owyEzh2R88FUAHxOnao=",
      "requires": {
        "debug": "1.0.4",
        "escape-html": "1.0.1"
      }
    },
    "fresh": {
      "version": "0.2.2",
      "resolved": "https://registry.npmjs.org/fresh/-/fresh-0.2.2.tgz",
      "integrity": "sha1-lzHc9WeMf660T7kDxPct9VGH+nc="
    },
    "hooks": {
      "version": "0.2.1",
      "resolved": "https://registry.npmjs.org/hooks/-/hooks-0.2.1.tgz",
      "integrity": "sha1-D1kbGzRL3LPfWXc/Yvu6+Fv0Aos="
    },
    "ipaddr.js": {
      "version": "0.1.2",
      "resolved": "https://registry.npmjs.org/ipaddr.js/-/ipaddr.js-0.1.2.tgz",
      "integrity": "sha1-ah/T2FT1ACllw017vNm0qNSwRn4="
    },
    "kerberos": {
      "version": "0.0.3",
      "resolved": "https://registry.npmjs.org/kerberos/-/kerberos-0.0.3.tgz",
      "integrity": "sha1-QoXZKgdI2yeEBi9a3OyfWVbLgYo=",
      "optional": true
    },
    "media-typer": {
      "version": "0.2.0",
      "resolved": "https://registry.npmjs.org/media-typer/-/media-typer-0.2.0.tgz",
      "integrity": "sha1-2KBlITrf6qLnYyGitt2jb/YzWYQ="
    },
    "merge-descriptors": {
      "version": "0.0.2",
      "resolved": "https://registry.npmjs.org/merge-descriptors/-/merge-descriptors-0.0.2.tgz",
      "integrity": "sha1-w2pSp4FDdRPFcnXzndnTF1FKyMc="
    },
    "methods": {
      "version": "1.1.0",
      "resolved": "https://registry.npmjs.org/methods/-/methods-1.1.0.tgz",
      "integrity": "sha1-XcpO4S31L/OwVhRZhqjwHLyGQ28="
    },
    "mime": {
      "version": "1.2.11",
      "resolved": "https://registry.npmjs.org/mime/-/mime-1.2.11.tgz",
      "integrity": "sha1-WCA+7Ybjpe8XrtK32evUfwpg3RA="
    },
    "mime-types": {
      "version": "1.0.2",
      "resolved": "https://registry.npmjs.org/mime-types/-/mime-types-1.0.2.tgz",
      "integrity": "sha1-mVrhOSq4r/y/yyZB3QVOlDwNXc4="
    },
    "mongodb": {
      "version": "1.3.19",
      "resolved": "https://registry.npmjs.org/mongodb/-/mongodb-1.3.19.tgz",
      "integrity": "sha1-8inbJAmPAZ2G0TWq+KGrXyZYsdQ=",
      "requires": {
        "bson": "0.2.2",
        "kerberos": "0.0.3"
      }
    },
    "mongoose": {
      "version": "3.6.20",
      "resolved": "https://registry.npmjs.org/mongoose/-/mongoose-3.6.20.tgz",
      "integrity": "sha1-RyY4Q+a4EuogfuwQTECjbI0hX1M=",
      "requires": {
        "hooks": "0.2.1",
        "mongodb": "1.3.19",
        "mpath": "0.1.1",
        "mpromise": "0.2.1",
        "ms": "0.1.0",
        "muri": "0.3.1",
        "regexp-clone": "0.0.1",
        "sliced": "0.0.5"
      }
    },
    "mpath": {
      "version": "0.1.1",
      "resolved": "https://registry.npmjs.org/mpath/-/mpath-0.1.1.tgz",
      "integrity": "sha1-I9qFK3wjLuCX9HWdKcDunNItXkY="
    },
    "mpromise": {
      "version": "0.2.1",
      "resolved": "https://registry.npmjs.org/mpromise/-/mpromise-0.2.1.tgz",
      "integrity": "sha1-+73CjLAgfkm4pOsaTAzqbC3nlMg=",
      "requires": {
        "sliced": "0.0.4"
      },
      "dependencies": {
        "sliced": {
          "version": "0.0.4",
          "resolved": "https://registry.npmjs.org/sliced/-/sliced-0.0.4.tgz",
          "integrity": "sha1-NPiabbHzH6Ul9aVw9bz4d88JVe4="
        }
      }
    },
    "ms": {
      "version": "0.1.0",
      "resolved": "https://registry.npmjs.org/ms/-/ms-0.1.0.tgz",
      "integrity": "sha1-8h+sSQ2vHXZn/RgP6QdzicyUQrI="
    },
    "muri": {
      "version": "0.3.1",
      "resolved": "https://registry.npmjs.org/muri/-/muri-0.3.1.tgz",
      "integrity": "sha1-hhiJxchX8aQ3AL7oXVBzH2FyfJo="
    },
    "negotiator": {
      "version": "0.4.7",
      "resolved": "https://registry.npmjs.org/negotiator/-/negotiator-0.4.7.tgz",
      "integrity": "sha1-pBYPcXfsgGc4Yx0NMFIyXaQqvcg="
    },
    "on-finished": {
      "version": "2.1.0",
      "resolved": "https://registry.npmjs.org/on-finished/-/on-finished-2.1.0.tgz",
      "integrity": "sha1-DFOfCSkej/rd4MiiWFD7LO3HAi0=",
      "requires": {
        "ee-first": "1.0.5"
      }
    },
    "parseurl": {
      "version": "1.3.3",
      "resolved": "https://registry.npmjs.org/parseurl/-/parseurl-1.3.3.tgz",
      "integrity": "sha512-CiyeOxFT/JZyN5m0z9PfXw4SCBJ6Sygz1Dpl0wqjlhDEGGBP1GnsUVEL0p63hoG1fcj3fHynXi9NYO4nWOL+qQ=="
    },
    "path-to-regexp": {
      "version": "0.1.3",
      "resolved": "https://registry.npmjs.org/path-to-regexp/-/path-to-regexp-0.1.3.tgz",
      "integrity": "sha1-IbmrgidCed4lsVbqCP0SylG4rss="
    },
    "proxy-addr": {
      "version": "1.0.1",
      "resolved": "https://registry.npmjs.org/proxy-addr/-/proxy-addr-1.0.1.tgz",
      "integrity": "sha1-x8Vm1etOP61n7rnHfFVYzMObiKg=",
      "requires": {
        "ipaddr.js": "0.1.2"
      }
    },
    "qs": {
      "version": "2.2.2",
      "resolved": "https://registry.npmjs.org/qs/-/qs-2.2.2.tgz",
      "integrity": "sha1-3+eD8YVLGsKzreknda0D4n4DIYw="
    },
    "range-parser": {
      "version": "1.0.0",
      "resolved": "https://registry.npmjs.org/range-parser/-/range-parser-1.0.0.tgz",
      "integrity": "sha1-pLJkz+C+XONqvjdlrJwqJIdG28A="
    },
    "regexp-clone": {
      "version": "0.0.1",
      "resolved": "https://registry.npmjs.org/regexp-clone/-/regexp-clone-0.0.1.tgz",
      "integrity": "sha1-p8LgmJH9vzj7sQ03b7cwA+aKxYk="
    },
    "send": {
      "version": "0.8.5",
      "resolved": "https://registry.npmjs.org/send/-/send-0.8.5.tgz",
      "integrity": "sha1-N/cIIW5vUMF150xp/sU0hOL9gsc=",
      "requires": {
        "debug": "1.0.4",
        "depd": "0.4.4",
        "destroy": "1.0.3",
        "escape-html": "1.0.1",
        "fresh": "0.2.2",
        "mime": "1.2.11",
        "ms": "0.6.2",
        "on-finished": "2.1.0",
        "range-parser": "~1.0.0"
      },
      "dependencies": {
        "ms": {
          "version": "0.6.2",
          "resolved": "https://registry.npmjs.org/ms/-/ms-0.6.2.tgz",
          "integrity": "sha1-2JwhJMb9wTU9Zai3e/GqxLGTcIw="
        }
      }
    },
    "serve-static": {
      "version": "1.5.4",
      "resolved": "https://registry.npmjs.org/serve-static/-/serve-static-1.5.4.tgz",
      "integrity": "sha1-gZ+zeuRr0C3VILd/z3/Y9REvl4I=",
      "requires": {
        "escape-html": "1.0.1",
        "parseurl": "~1.3.0",
        "send": "0.8.5",
        "utils-merge": "1.0.0"
      }
    },
    "sliced": {
      "version": "0.0.5",
      "resolved": "https://registry.npmjs.org/sliced/-/sliced-0.0.5.tgz",
      "integrity": "sha1-XtwETKTrb3gW1Qui/GPiXY/kcH8="
    },
    "type-is": {
      "version": "1.3.2",
      "resolved": "https://registry.npmjs.org/type-is/-/type-is-1.3.2.tgz",
      "integrity": "sha1-TypdxYd1yhYwJQr8cYb4s2MJ0bs=",
      "requires": {
        "media-typer": "0.2.0",
        "mime-types": "~1.0.1"
      }
    },
    "utils-merge": {
      "version": "1.0.0",
      "resolved": "https://registry.npmjs.org/utils-merge/-/utils-merge-1.0.0.tgz",
      "integrity": "sha1-ApT7kiu5N1FTVBxPcJYjHyh8ivg="
    },
    "vary": {
      "version": "0.1.0",
      "resolved": "https://registry.npmjs.org/vary/-/vary-0.1.0.tgz",
      "integrity": "sha1-3wlFiZ6TwMxb0YzIMh2dIedPYXY="
    }
  }
}
