{
  "name": "street-style-api",
  "lockfileVersion": 2,
  "requires": true,
  "packages": {
    "": {
      "name": "street-style-api",
      "dependencies": {
        "cors": "^2.8.5",
        "express": "4.8.*",
        "mongoose": "~3.6.13",
        "mysql2": "^2.3.3",
        "sequelize": "^6.19.2"
      }
    },
    "node_modules/@types/debug": {
      "version": "4.1.7",
      "resolved": "https://registry.npmjs.org/@types/debug/-/debug-4.1.7.tgz",
      "integrity": "sha512-9AonUzyTjXXhEOa0DnqpzZi6VHlqKMswga9EXjpXnnqxwLtdvPPtlO8evrI5D9S6asFRCQ6v+wpiUKbw+vKqyg==",
      "dependencies": {
        "@types/ms": "*"
      }
    },
    "node_modules/@types/ms": {
      "version": "0.7.31",
      "resolved": "https://registry.npmjs.org/@types/ms/-/ms-0.7.31.tgz",
      "integrity": "sha512-iiUgKzV9AuaEkZqkOLDIvlQiL6ltuZd9tGcW3gwpnX8JbuiuhFlEGmmFXEXkN50Cvq7Os88IY2v0dkDqXYWVgA=="
    },
    "node_modules/@types/node": {
      "version": "17.0.34",
      "resolved": "https://registry.npmjs.org/@types/node/-/node-17.0.34.tgz",
      "integrity": "sha512-XImEz7XwTvDBtzlTnm8YvMqGW/ErMWBsKZ+hMTvnDIjGCKxwK5Xpc+c/oQjOauwq8M4OS11hEkpjX8rrI/eEgA=="
    },
    "node_modules/@types/validator": {
      "version": "13.7.2",
      "resolved": "https://registry.npmjs.org/@types/validator/-/validator-13.7.2.tgz",
      "integrity": "sha512-KFcchQ3h0OPQgFirBRPZr5F/sVjxZsOrQHedj3zi8AH3Zv/hOLx2OLR4hxR5HcfoU+33n69ZuOfzthKVdMoTiw=="
    },
    "node_modules/accepts": {
      "version": "1.0.7",
      "resolved": "https://registry.npmjs.org/accepts/-/accepts-1.0.7.tgz",
      "integrity": "sha512-iq8ew2zitUlNcUca0wye3fYwQ6sSPItDo38oC0R+XA5KTzeXRN+GF7NjOXs3dVItj4J+gQVdpq4/qbnMb1hMHw==",
      "dependencies": {
        "mime-types": "~1.0.0",
        "negotiator": "0.4.7"
      },
      "engines": {
        "node": ">= 0.8.0"
      }
    },
    "node_modules/bson": {
      "version": "0.2.2",
      "resolved": "https://registry.npmjs.org/bson/-/bson-0.2.2.tgz",
      "integrity": "sha512-lL3VqRQ3bNAHRTFvY+r3SRnbicZgmXq+YNEYTLEwx4OmObCc0bx/SkjAS8ZsdxZUVb238F3bTdFYJ6WVdeWVFg==",
      "deprecated": "Fixed a critical issue with BSON serialization documented in CVE-2019-2391, see https://bit.ly/2KcpXdo for more details",
      "hasInstallScript": true,
      "engines": {
        "node": ">=0.6.19"
      }
    },
    "node_modules/buffer-crc32": {
      "version": "0.2.3",
      "resolved": "https://registry.npmjs.org/buffer-crc32/-/buffer-crc32-0.2.3.tgz",
      "integrity": "sha512-HLvoSqq1z8fJEcT1lUlJZ4OJaXJZ1wsWm0+fBxkz9Bdf/WphA4Da7FtGUguNNyEXL4WB0hNMTaWmdFRFPy8YOQ==",
      "engines": {
        "node": "*"
      }
    },
    "node_modules/cookie": {
      "version": "0.1.2",
      "resolved": "https://registry.npmjs.org/cookie/-/cookie-0.1.2.tgz",
      "integrity": "sha1-cv7D0k5Io0Mgc9kMEmQgBQYQBLE=",
      "engines": {
        "node": "*"
      }
    },
    "node_modules/cookie-signature": {
      "version": "1.0.4",
      "resolved": "https://registry.npmjs.org/cookie-signature/-/cookie-signature-1.0.4.tgz",
      "integrity": "sha1-Dt0iKG46ERuaKnDbNj6SXoZ/aso="
    },
    "node_modules/cors": {
      "version": "2.8.5",
      "resolved": "https://registry.npmjs.org/cors/-/cors-2.8.5.tgz",
      "integrity": "sha512-KIHbLJqu73RGr/hnbrO9uBeixNGuvSQjul/jdFvS/KFSIH1hWVd1ng7zOHx+YrEfInLG7q4n6GHQ9cDtxv/P6g==",
      "dependencies": {
        "object-assign": "^4",
        "vary": "^1"
      },
      "engines": {
        "node": ">= 0.10"
      }
    },
    "node_modules/cors/node_modules/vary": {
      "version": "1.1.2",
      "resolved": "https://registry.npmjs.org/vary/-/vary-1.1.2.tgz",
      "integrity": "sha1-IpnwLG3tMNSllhsLn3RSShj2NPw=",
      "engines": {
        "node": ">= 0.8"
      }
    },
    "node_modules/debug": {
      "version": "1.0.4",
      "resolved": "https://registry.npmjs.org/debug/-/debug-1.0.4.tgz",
      "integrity": "sha1-W5wla9VLbsAigxdvqKDt5tFUy/g=",
      "dependencies": {
        "ms": "0.6.2"
      }
    },
    "node_modules/debug/node_modules/ms": {
      "version": "0.6.2",
      "resolved": "https://registry.npmjs.org/ms/-/ms-0.6.2.tgz",
      "integrity": "sha1-2JwhJMb9wTU9Zai3e/GqxLGTcIw="
    },
    "node_modules/denque": {
      "version": "2.0.1",
      "resolved": "https://registry.npmjs.org/denque/-/denque-2.0.1.tgz",
      "integrity": "sha512-tfiWc6BQLXNLpNiR5iGd0Ocu3P3VpxfzFiqubLgMfhfOw9WyvgJBd46CClNn9k3qfbjvT//0cf7AlYRX/OslMQ==",
      "engines": {
        "node": ">=0.10"
      }
    },
    "node_modules/depd": {
      "version": "0.4.4",
      "resolved": "https://registry.npmjs.org/depd/-/depd-0.4.4.tgz",
      "integrity": "sha1-BwkfrnX5eCjYm0oCotR3jw58BmI=",
      "engines": {
        "node": ">= 0.8.0"
      }
    },
    "node_modules/destroy": {
      "version": "1.0.3",
      "resolved": "https://registry.npmjs.org/destroy/-/destroy-1.0.3.tgz",
      "integrity": "sha1-tDO0ck5x/YVR2YhRdIUcX8N34sk="
    },
    "node_modules/dottie": {
      "version": "2.0.2",
      "resolved": "https://registry.npmjs.org/dottie/-/dottie-2.0.2.tgz",
      "integrity": "sha512-fmrwR04lsniq/uSr8yikThDTrM7epXHBAAjH9TbeH3rEA8tdCO7mRzB9hdmdGyJCxF8KERo9CITcm3kGuoyMhg=="
    },
    "node_modules/ee-first": {
      "version": "1.0.5",
      "resolved": "https://registry.npmjs.org/ee-first/-/ee-first-1.0.5.tgz",
      "integrity": "sha1-jJshKJjYzZ8alDZlDOe+ICyen/A="
    },
    "node_modules/escape-html": {
      "version": "1.0.1",
      "resolved": "https://registry.npmjs.org/escape-html/-/escape-html-1.0.1.tgz",
      "integrity": "sha1-GBoobq05ejmpKFfPsdQwUuNWv/A="
    },
    "node_modules/express": {
      "version": "4.8.8",
      "resolved": "https://registry.npmjs.org/express/-/express-4.8.8.tgz",
      "integrity": "sha1-aro0jM36h2CAQLEsoAEBB6Cqwo4=",
      "dependencies": {
        "accepts": "~1.0.7",
        "buffer-crc32": "0.2.3",
        "cookie": "0.1.2",
        "cookie-signature": "1.0.4",
        "debug": "1.0.4",
        "depd": "0.4.4",
        "escape-html": "1.0.1",
        "finalhandler": "0.1.0",
        "fresh": "0.2.2",
        "media-typer": "0.2.0",
        "merge-descriptors": "0.0.2",
        "methods": "1.1.0",
        "parseurl": "~1.3.0",
        "path-to-regexp": "0.1.3",
        "proxy-addr": "1.0.1",
        "qs": "2.2.2",
        "range-parser": "1.0.0",
        "send": "0.8.5",
        "serve-static": "~1.5.4",
        "type-is": "~1.3.2",
        "utils-merge": "1.0.0",
        "vary": "0.1.0"
      },
      "engines": {
        "node": ">= 0.10.0"
      }
    },
    "node_modules/finalhandler": {
      "version": "0.1.0",
      "resolved": "https://registry.npmjs.org/finalhandler/-/finalhandler-0.1.0.tgz",
      "integrity": "sha1-2gW7xPX0owyEzh2R88FUAHxOnao=",
      "dependencies": {
        "debug": "1.0.4",
        "escape-html": "1.0.1"
      },
      "engines": {
        "node": ">= 0.8.0"
      }
    },
    "node_modules/fresh": {
      "version": "0.2.2",
      "resolved": "https://registry.npmjs.org/fresh/-/fresh-0.2.2.tgz",
      "integrity": "sha1-lzHc9WeMf660T7kDxPct9VGH+nc="
    },
    "node_modules/generate-function": {
      "version": "2.3.1",
      "resolved": "https://registry.npmjs.org/generate-function/-/generate-function-2.3.1.tgz",
      "integrity": "sha512-eeB5GfMNeevm/GRYq20ShmsaGcmI81kIX2K9XQx5miC8KdHaC6Jm0qQ8ZNeGOi7wYB8OsdxKs+Y2oVuTFuVwKQ==",
      "dependencies": {
        "is-property": "^1.0.2"
      }
    },
    "node_modules/hooks": {
      "version": "0.2.1",
      "resolved": "https://registry.npmjs.org/hooks/-/hooks-0.2.1.tgz",
      "integrity": "sha1-D1kbGzRL3LPfWXc/Yvu6+Fv0Aos=",
      "engines": {
        "node": ">=0.4.0"
      }
    },
    "node_modules/iconv-lite": {
      "version": "0.6.3",
      "resolved": "https://registry.npmjs.org/iconv-lite/-/iconv-lite-0.6.3.tgz",
      "integrity": "sha512-4fCk79wshMdzMp2rH06qWrJE4iolqLhCUH+OiuIgU++RB0+94NlDL81atO7GX55uUKueo0txHNtvEyI6D7WdMw==",
      "dependencies": {
        "safer-buffer": ">= 2.1.2 < 3.0.0"
      },
      "engines": {
        "node": ">=0.10.0"
      }
    },
    "node_modules/inflection": {
      "version": "1.13.2",
      "resolved": "https://registry.npmjs.org/inflection/-/inflection-1.13.2.tgz",
      "integrity": "sha512-cmZlljCRTBFouT8UzMzrGcVEvkv6D/wBdcdKG7J1QH5cXjtU75Dm+P27v9EKu/Y43UYyCJd1WC4zLebRrC8NBw==",
      "engines": [
        "node >= 0.4.0"
      ]
    },
    "node_modules/ipaddr.js": {
      "version": "0.1.2",
      "resolved": "https://registry.npmjs.org/ipaddr.js/-/ipaddr.js-0.1.2.tgz",
      "integrity": "sha1-ah/T2FT1ACllw017vNm0qNSwRn4=",
      "engines": {
        "node": ">= 0.2.5"
      }
    },
    "node_modules/is-property": {
      "version": "1.0.2",
      "resolved": "https://registry.npmjs.org/is-property/-/is-property-1.0.2.tgz",
      "integrity": "sha1-V/4cTkhHTt1lsJkR8msc1Ald2oQ="
    },
    "node_modules/kerberos": {
      "version": "0.0.3",
      "resolved": "https://registry.npmjs.org/kerberos/-/kerberos-0.0.3.tgz",
      "integrity": "sha1-QoXZKgdI2yeEBi9a3OyfWVbLgYo=",
      "hasInstallScript": true,
      "optional": true
    },
    "node_modules/lodash": {
      "version": "4.17.21",
      "resolved": "https://registry.npmjs.org/lodash/-/lodash-4.17.21.tgz",
      "integrity": "sha512-v2kDEe57lecTulaDIuNTPy3Ry4gLGJ6Z1O3vE1krgXZNrsQ+LFTGHVxVjcXPs17LhbZVGedAJv8XZ1tvj5FvSg=="
    },
    "node_modules/long": {
      "version": "4.0.0",
      "resolved": "https://registry.npmjs.org/long/-/long-4.0.0.tgz",
      "integrity": "sha512-XsP+KhQif4bjX1kbuSiySJFNAehNxgLb6hPRGJ9QsUr8ajHkuXGdrHmFUTUUXhDwVX2R5bY4JNZEwbUiMhV+MA=="
    },
    "node_modules/lru-cache": {
      "version": "6.0.0",
      "resolved": "https://registry.npmjs.org/lru-cache/-/lru-cache-6.0.0.tgz",
      "integrity": "sha512-Jo6dJ04CmSjuznwJSS3pUeWmd/H0ffTlkXXgwZi+eq1UCmqQwCh+eLsYOYCwY991i2Fah4h1BEMCx4qThGbsiA==",
      "dependencies": {
        "yallist": "^4.0.0"
      },
      "engines": {
        "node": ">=10"
      }
    },
    "node_modules/media-typer": {
      "version": "0.2.0",
      "resolved": "https://registry.npmjs.org/media-typer/-/media-typer-0.2.0.tgz",
      "integrity": "sha1-2KBlITrf6qLnYyGitt2jb/YzWYQ=",
      "engines": {
        "node": ">= 0.8.0"
      }
    },
    "node_modules/merge-descriptors": {
      "version": "0.0.2",
      "resolved": "https://registry.npmjs.org/merge-descriptors/-/merge-descriptors-0.0.2.tgz",
      "integrity": "sha1-w2pSp4FDdRPFcnXzndnTF1FKyMc="
    },
    "node_modules/methods": {
      "version": "1.1.0",
      "resolved": "https://registry.npmjs.org/methods/-/methods-1.1.0.tgz",
      "integrity": "sha1-XcpO4S31L/OwVhRZhqjwHLyGQ28="
    },
    "node_modules/mime": {
      "version": "1.2.11",
      "resolved": "https://registry.npmjs.org/mime/-/mime-1.2.11.tgz",
      "integrity": "sha1-WCA+7Ybjpe8XrtK32evUfwpg3RA="
    },
    "node_modules/mime-types": {
      "version": "1.0.2",
      "resolved": "https://registry.npmjs.org/mime-types/-/mime-types-1.0.2.tgz",
      "integrity": "sha1-mVrhOSq4r/y/yyZB3QVOlDwNXc4=",
      "engines": {
        "node": ">= 0.8.0"
      }
    },
    "node_modules/moment": {
      "version": "2.29.3",
      "resolved": "https://registry.npmjs.org/moment/-/moment-2.29.3.tgz",
      "integrity": "sha512-c6YRvhEo//6T2Jz/vVtYzqBzwvPT95JBQ+smCytzf7c50oMZRsR/a4w88aD34I+/QVSfnoAnSBFPJHItlOMJVw==",
      "engines": {
        "node": "*"
      }
    },
    "node_modules/moment-timezone": {
      "version": "0.5.34",
      "resolved": "https://registry.npmjs.org/moment-timezone/-/moment-timezone-0.5.34.tgz",
      "integrity": "sha512-3zAEHh2hKUs3EXLESx/wsgw6IQdusOT8Bxm3D9UrHPQR7zlMmzwybC8zHEM1tQ4LJwP7fcxrWr8tuBg05fFCbg==",
      "dependencies": {
        "moment": ">= 2.9.0"
      },
      "engines": {
        "node": "*"
      }
    },
    "node_modules/mongodb": {
      "version": "1.3.19",
      "resolved": "https://registry.npmjs.org/mongodb/-/mongodb-1.3.19.tgz",
      "integrity": "sha1-8inbJAmPAZ2G0TWq+KGrXyZYsdQ=",
      "deprecated": "Please upgrade to 2.2.19 or higher",
      "dependencies": {
        "bson": "0.2.2"
      },
      "engines": {
        "node": ">=0.6.19"
      },
      "optionalDependencies": {
        "kerberos": "0.0.3"
      }
    },
    "node_modules/mongoose": {
      "version": "3.6.20",
      "resolved": "https://registry.npmjs.org/mongoose/-/mongoose-3.6.20.tgz",
      "integrity": "sha1-RyY4Q+a4EuogfuwQTECjbI0hX1M=",
      "dependencies": {
        "hooks": "0.2.1",
        "mongodb": "1.3.19",
        "mpath": "0.1.1",
        "mpromise": "0.2.1",
        "ms": "0.1.0",
        "muri": "0.3.1",
        "regexp-clone": "0.0.1",
        "sliced": "0.0.5"
      },
      "engines": {
        "node": ">=0.6.19"
      }
    },
    "node_modules/mpath": {
      "version": "0.1.1",
      "resolved": "https://registry.npmjs.org/mpath/-/mpath-0.1.1.tgz",
      "integrity": "sha1-I9qFK3wjLuCX9HWdKcDunNItXkY="
    },
    "node_modules/mpromise": {
      "version": "0.2.1",
      "resolved": "https://registry.npmjs.org/mpromise/-/mpromise-0.2.1.tgz",
      "integrity": "sha1-+73CjLAgfkm4pOsaTAzqbC3nlMg=",
      "dependencies": {
        "sliced": "0.0.4"
      }
    },
    "node_modules/mpromise/node_modules/sliced": {
      "version": "0.0.4",
      "resolved": "https://registry.npmjs.org/sliced/-/sliced-0.0.4.tgz",
      "integrity": "sha1-NPiabbHzH6Ul9aVw9bz4d88JVe4="
    },
    "node_modules/ms": {
      "version": "0.1.0",
      "resolved": "https://registry.npmjs.org/ms/-/ms-0.1.0.tgz",
      "integrity": "sha1-8h+sSQ2vHXZn/RgP6QdzicyUQrI=",
      "engines": {
        "node": "*"
      }
    },
    "node_modules/muri": {
      "version": "0.3.1",
      "resolved": "https://registry.npmjs.org/muri/-/muri-0.3.1.tgz",
      "integrity": "sha1-hhiJxchX8aQ3AL7oXVBzH2FyfJo="
    },
    "node_modules/mysql2": {
      "version": "2.3.3",
      "resolved": "https://registry.npmjs.org/mysql2/-/mysql2-2.3.3.tgz",
      "integrity": "sha512-wxJUev6LgMSgACDkb/InIFxDprRa6T95+VEoR+xPvtngtccNH2dGjEB/fVZ8yg1gWv1510c9CvXuJHi5zUm0ZA==",
      "dependencies": {
        "denque": "^2.0.1",
        "generate-function": "^2.3.1",
        "iconv-lite": "^0.6.3",
        "long": "^4.0.0",
        "lru-cache": "^6.0.0",
        "named-placeholders": "^1.1.2",
        "seq-queue": "^0.0.5",
        "sqlstring": "^2.3.2"
      },
      "engines": {
        "node": ">= 8.0"
      }
    },
    "node_modules/named-placeholders": {
      "version": "1.1.2",
      "resolved": "https://registry.npmjs.org/named-placeholders/-/named-placeholders-1.1.2.tgz",
      "integrity": "sha512-wiFWqxoLL3PGVReSZpjLVxyJ1bRqe+KKJVbr4hGs1KWfTZTQyezHFBbuKj9hsizHyGV2ne7EMjHdxEGAybD5SA==",
      "dependencies": {
        "lru-cache": "^4.1.3"
      },
      "engines": {
        "node": ">=6.0.0"
      }
    },
    "node_modules/named-placeholders/node_modules/lru-cache": {
      "version": "4.1.5",
      "resolved": "https://registry.npmjs.org/lru-cache/-/lru-cache-4.1.5.tgz",
      "integrity": "sha512-sWZlbEP2OsHNkXrMl5GYk/jKk70MBng6UU4YI/qGDYbgf6YbP4EvmqISbXCoJiRKs+1bSpFHVgQxvJ17F2li5g==",
      "dependencies": {
        "pseudomap": "^1.0.2",
        "yallist": "^2.1.2"
      }
    },
    "node_modules/named-placeholders/node_modules/yallist": {
      "version": "2.1.2",
      "resolved": "https://registry.npmjs.org/yallist/-/yallist-2.1.2.tgz",
      "integrity": "sha1-HBH5IY8HYImkfdUS+TxmmaaoHVI="
    },
    "node_modules/negotiator": {
      "version": "0.4.7",
      "resolved": "https://registry.npmjs.org/negotiator/-/negotiator-0.4.7.tgz",
      "integrity": "sha1-pBYPcXfsgGc4Yx0NMFIyXaQqvcg=",
      "engines": {
        "node": "*"
      }
    },
    "node_modules/object-assign": {
      "version": "4.1.1",
      "resolved": "https://registry.npmjs.org/object-assign/-/object-assign-4.1.1.tgz",
      "integrity": "sha1-IQmtx5ZYh8/AXLvUQsrIv7s2CGM=",
      "engines": {
        "node": ">=0.10.0"
      }
    },
    "node_modules/on-finished": {
      "version": "2.1.0",
      "resolved": "https://registry.npmjs.org/on-finished/-/on-finished-2.1.0.tgz",
      "integrity": "sha1-DFOfCSkej/rd4MiiWFD7LO3HAi0=",
      "dependencies": {
        "ee-first": "1.0.5"
      }
    },
    "node_modules/parseurl": {
      "version": "1.3.3",
      "resolved": "https://registry.npmjs.org/parseurl/-/parseurl-1.3.3.tgz",
      "integrity": "sha512-CiyeOxFT/JZyN5m0z9PfXw4SCBJ6Sygz1Dpl0wqjlhDEGGBP1GnsUVEL0p63hoG1fcj3fHynXi9NYO4nWOL+qQ==",
      "engines": {
        "node": ">= 0.8"
      }
    },
    "node_modules/path-to-regexp": {
      "version": "0.1.3",
      "resolved": "https://registry.npmjs.org/path-to-regexp/-/path-to-regexp-0.1.3.tgz",
      "integrity": "sha1-IbmrgidCed4lsVbqCP0SylG4rss="
    },
    "node_modules/pg-connection-string": {
      "version": "2.5.0",
      "resolved": "https://registry.npmjs.org/pg-connection-string/-/pg-connection-string-2.5.0.tgz",
      "integrity": "sha512-r5o/V/ORTA6TmUnyWZR9nCj1klXCO2CEKNRlVuJptZe85QuhFayC7WeMic7ndayT5IRIR0S0xFxFi2ousartlQ=="
    },
    "node_modules/proxy-addr": {
      "version": "1.0.1",
      "resolved": "https://registry.npmjs.org/proxy-addr/-/proxy-addr-1.0.1.tgz",
      "integrity": "sha1-x8Vm1etOP61n7rnHfFVYzMObiKg=",
      "dependencies": {
        "ipaddr.js": "0.1.2"
      },
      "engines": {
        "node": ">= 0.8.0"
      }
    },
    "node_modules/pseudomap": {
      "version": "1.0.2",
      "resolved": "https://registry.npmjs.org/pseudomap/-/pseudomap-1.0.2.tgz",
      "integrity": "sha1-8FKijacOYYkX7wqKw0wa5aaChrM="
    },
    "node_modules/qs": {
      "version": "2.2.2",
      "resolved": "https://registry.npmjs.org/qs/-/qs-2.2.2.tgz",
      "integrity": "sha1-3+eD8YVLGsKzreknda0D4n4DIYw="
    },
    "node_modules/range-parser": {
      "version": "1.0.0",
      "resolved": "https://registry.npmjs.org/range-parser/-/range-parser-1.0.0.tgz",
      "integrity": "sha1-pLJkz+C+XONqvjdlrJwqJIdG28A="
    },
    "node_modules/regexp-clone": {
      "version": "0.0.1",
      "resolved": "https://registry.npmjs.org/regexp-clone/-/regexp-clone-0.0.1.tgz",
      "integrity": "sha1-p8LgmJH9vzj7sQ03b7cwA+aKxYk="
    },
    "node_modules/retry-as-promised": {
      "version": "5.0.0",
      "resolved": "https://registry.npmjs.org/retry-as-promised/-/retry-as-promised-5.0.0.tgz",
      "integrity": "sha512-6S+5LvtTl2ggBumk04hBo/4Uf6fRJUwIgunGZ7CYEBCeufGFW1Pu6ucUf/UskHeWOIsUcLOGLFXPig5tR5V1nA=="
    },
    "node_modules/safer-buffer": {
      "version": "2.1.2",
      "resolved": "https://registry.npmjs.org/safer-buffer/-/safer-buffer-2.1.2.tgz",
      "integrity": "sha512-YZo3K82SD7Riyi0E1EQPojLz7kpepnSQI9IyPbHHg1XXXevb5dJI7tpyN2ADxGcQbHG7vcyRHk0cbwqcQriUtg=="
    },
    "node_modules/semver": {
      "version": "7.3.7",
      "resolved": "https://registry.npmjs.org/semver/-/semver-7.3.7.tgz",
      "integrity": "sha512-QlYTucUYOews+WeEujDoEGziz4K6c47V/Bd+LjSSYcA94p+DmINdf7ncaUinThfvZyu13lN9OY1XDxt8C0Tw0g==",
      "dependencies": {
        "lru-cache": "^6.0.0"
      },
      "bin": {
        "semver": "bin/semver.js"
      },
      "engines": {
        "node": ">=10"
      }
    },
    "node_modules/send": {
      "version": "0.8.5",
      "resolved": "https://registry.npmjs.org/send/-/send-0.8.5.tgz",
      "integrity": "sha1-N/cIIW5vUMF150xp/sU0hOL9gsc=",
      "dependencies": {
        "debug": "1.0.4",
        "depd": "0.4.4",
        "destroy": "1.0.3",
        "escape-html": "1.0.1",
        "fresh": "0.2.2",
        "mime": "1.2.11",
        "ms": "0.6.2",
        "on-finished": "2.1.0",
        "range-parser": "~1.0.0"
      },
      "engines": {
        "node": ">= 0.8.0"
      }
    },
    "node_modules/send/node_modules/ms": {
      "version": "0.6.2",
      "resolved": "https://registry.npmjs.org/ms/-/ms-0.6.2.tgz",
      "integrity": "sha1-2JwhJMb9wTU9Zai3e/GqxLGTcIw="
    },
    "node_modules/seq-queue": {
      "version": "0.0.5",
      "resolved": "https://registry.npmjs.org/seq-queue/-/seq-queue-0.0.5.tgz",
      "integrity": "sha1-1WgS4cAXpuTnw+Ojeh2m143TyT4="
    },
    "node_modules/sequelize": {
      "version": "6.19.2",
      "resolved": "https://registry.npmjs.org/sequelize/-/sequelize-6.19.2.tgz",
      "integrity": "sha512-799X+BsyloPzq1ooZQNJgevRYwdAla50+6MchUra28Mdw3xmc0NTj+16pb/cAaKDcQS2pgmyDn1ZePjP2wS0nA==",
      "funding": [
        {
          "type": "opencollective",
          "url": "https://opencollective.com/sequelize"
        }
      ],
      "dependencies": {
        "@types/debug": "^4.1.7",
        "@types/validator": "^13.7.1",
        "debug": "^4.3.3",
        "dottie": "^2.0.2",
        "inflection": "^1.13.2",
        "lodash": "^4.17.21",
        "moment": "^2.29.1",
        "moment-timezone": "^0.5.34",
        "pg-connection-string": "^2.5.0",
        "retry-as-promised": "^5.0.0",
        "semver": "^7.3.5",
        "sequelize-pool": "^7.1.0",
        "toposort-class": "^1.0.1",
        "uuid": "^8.3.2",
        "validator": "^13.7.0",
        "wkx": "^0.5.0"
      },
      "engines": {
        "node": ">=10.0.0"
      },
      "peerDependenciesMeta": {
        "ibm_db": {
          "optional": true
        },
        "mariadb": {
          "optional": true
        },
        "mysql2": {
          "optional": true
        },
        "pg": {
          "optional": true
        },
        "pg-hstore": {
          "optional": true
        },
        "snowflake-sdk": {
          "optional": true
        },
        "sqlite3": {
          "optional": true
        },
        "tedious": {
          "optional": true
        }
      }
    },
    "node_modules/sequelize-pool": {
      "version": "7.1.0",
      "resolved": "https://registry.npmjs.org/sequelize-pool/-/sequelize-pool-7.1.0.tgz",
      "integrity": "sha512-G9c0qlIWQSK29pR/5U2JF5dDQeqqHRragoyahj/Nx4KOOQ3CPPfzxnfqFPCSB7x5UgjOgnZ61nSxz+fjDpRlJg==",
      "engines": {
        "node": ">= 10.0.0"
      }
    },
    "node_modules/sequelize/node_modules/debug": {
      "version": "4.3.4",
      "resolved": "https://registry.npmjs.org/debug/-/debug-4.3.4.tgz",
      "integrity": "sha512-PRWFHuSU3eDtQJPvnNY7Jcket1j0t5OuOsFzPPzsekD52Zl8qUfFIPEiswXqIvHWGVHOgX+7G/vCNNhehwxfkQ==",
      "dependencies": {
        "ms": "2.1.2"
      },
      "engines": {
        "node": ">=6.0"
      },
      "peerDependenciesMeta": {
        "supports-color": {
          "optional": true
        }
      }
    },
    "node_modules/sequelize/node_modules/ms": {
      "version": "2.1.2",
      "resolved": "https://registry.npmjs.org/ms/-/ms-2.1.2.tgz",
      "integrity": "sha512-sGkPx+VjMtmA6MX27oA4FBFELFCZZ4S4XqeGOXCv68tT+jb3vk/RyaKWP0PTKyWtmLSM0b+adUTEvbs1PEaH2w=="
    },
    "node_modules/serve-static": {
      "version": "1.5.4",
      "resolved": "https://registry.npmjs.org/serve-static/-/serve-static-1.5.4.tgz",
      "integrity": "sha1-gZ+zeuRr0C3VILd/z3/Y9REvl4I=",
      "dependencies": {
        "escape-html": "1.0.1",
        "parseurl": "~1.3.0",
        "send": "0.8.5",
        "utils-merge": "1.0.0"
      },
      "engines": {
        "node": ">= 0.8.0"
      }
    },
    "node_modules/sliced": {
      "version": "0.0.5",
      "resolved": "https://registry.npmjs.org/sliced/-/sliced-0.0.5.tgz",
      "integrity": "sha1-XtwETKTrb3gW1Qui/GPiXY/kcH8="
    },
    "node_modules/sqlstring": {
      "version": "2.3.3",
      "resolved": "https://registry.npmjs.org/sqlstring/-/sqlstring-2.3.3.tgz",
      "integrity": "sha512-qC9iz2FlN7DQl3+wjwn3802RTyjCx7sDvfQEXchwa6CWOx07/WVfh91gBmQ9fahw8snwGEWU3xGzOt4tFyHLxg==",
      "engines": {
        "node": ">= 0.6"
      }
    },
    "node_modules/toposort-class": {
      "version": "1.0.1",
      "resolved": "https://registry.npmjs.org/toposort-class/-/toposort-class-1.0.1.tgz",
      "integrity": "sha1-f/0feMi+KMO6Rc1OGj9e4ZO9mYg="
    },
    "node_modules/type-is": {
      "version": "1.3.2",
      "resolved": "https://registry.npmjs.org/type-is/-/type-is-1.3.2.tgz",
      "integrity": "sha1-TypdxYd1yhYwJQr8cYb4s2MJ0bs=",
      "dependencies": {
        "media-typer": "0.2.0",
        "mime-types": "~1.0.1"
      },
      "engines": {
        "node": ">= 0.8"
      }
    },
    "node_modules/utils-merge": {
      "version": "1.0.0",
      "resolved": "https://registry.npmjs.org/utils-merge/-/utils-merge-1.0.0.tgz",
      "integrity": "sha1-ApT7kiu5N1FTVBxPcJYjHyh8ivg=",
      "engines": {
        "node": ">= 0.4.0"
      }
    },
    "node_modules/uuid": {
      "version": "8.3.2",
      "resolved": "https://registry.npmjs.org/uuid/-/uuid-8.3.2.tgz",
      "integrity": "sha512-+NYs2QeMWy+GWFOEm9xnn6HCDp0l7QBD7ml8zLUmJ+93Q5NF0NocErnwkTkXVFNiX3/fpC6afS8Dhb/gz7R7eg==",
      "bin": {
        "uuid": "dist/bin/uuid"
      }
    },
    "node_modules/validator": {
      "version": "13.7.0",
      "resolved": "https://registry.npmjs.org/validator/-/validator-13.7.0.tgz",
      "integrity": "sha512-nYXQLCBkpJ8X6ltALua9dRrZDHVYxjJ1wgskNt1lH9fzGjs3tgojGSCBjmEPwkWS1y29+DrizMTW19Pr9uB2nw==",
      "engines": {
        "node": ">= 0.10"
      }
    },
    "node_modules/vary": {
      "version": "0.1.0",
      "resolved": "https://registry.npmjs.org/vary/-/vary-0.1.0.tgz",
      "integrity": "sha1-3wlFiZ6TwMxb0YzIMh2dIedPYXY=",
      "engines": {
        "node": ">= 0.8.0"
      }
    },
    "node_modules/wkx": {
      "version": "0.5.0",
      "resolved": "https://registry.npmjs.org/wkx/-/wkx-0.5.0.tgz",
      "integrity": "sha512-Xng/d4Ichh8uN4l0FToV/258EjMGU9MGcA0HV2d9B/ZpZB3lqQm7nkOdZdm5GhKtLLhAE7PiVQwN4eN+2YJJUg==",
      "dependencies": {
        "@types/node": "*"
      }
    },
    "node_modules/yallist": {
      "version": "4.0.0",
      "resolved": "https://registry.npmjs.org/yallist/-/yallist-4.0.0.tgz",
      "integrity": "sha512-3wdGidZyq5PB084XLES5TpOSRA3wjXAlIWMhum2kRcv/41Sn2emQ0dycQW4uZXLejwKvg6EsvbdlVL+FYEct7A=="
    }
  },
  "dependencies": {
    "@types/debug": {
      "version": "4.1.7",
      "resolved": "https://registry.npmjs.org/@types/debug/-/debug-4.1.7.tgz",
      "integrity": "sha512-9AonUzyTjXXhEOa0DnqpzZi6VHlqKMswga9EXjpXnnqxwLtdvPPtlO8evrI5D9S6asFRCQ6v+wpiUKbw+vKqyg==",
      "requires": {
        "@types/ms": "*"
      }
    },
    "@types/ms": {
      "version": "0.7.31",
      "resolved": "https://registry.npmjs.org/@types/ms/-/ms-0.7.31.tgz",
      "integrity": "sha512-iiUgKzV9AuaEkZqkOLDIvlQiL6ltuZd9tGcW3gwpnX8JbuiuhFlEGmmFXEXkN50Cvq7Os88IY2v0dkDqXYWVgA=="
    },
    "@types/node": {
      "version": "17.0.34",
      "resolved": "https://registry.npmjs.org/@types/node/-/node-17.0.34.tgz",
      "integrity": "sha512-XImEz7XwTvDBtzlTnm8YvMqGW/ErMWBsKZ+hMTvnDIjGCKxwK5Xpc+c/oQjOauwq8M4OS11hEkpjX8rrI/eEgA=="
    },
    "@types/validator": {
      "version": "13.7.2",
      "resolved": "https://registry.npmjs.org/@types/validator/-/validator-13.7.2.tgz",
      "integrity": "sha512-KFcchQ3h0OPQgFirBRPZr5F/sVjxZsOrQHedj3zi8AH3Zv/hOLx2OLR4hxR5HcfoU+33n69ZuOfzthKVdMoTiw=="
    },
    "accepts": {
      "version": "1.0.7",
      "resolved": "https://registry.npmjs.org/accepts/-/accepts-1.0.7.tgz",
      "integrity": "sha512-iq8ew2zitUlNcUca0wye3fYwQ6sSPItDo38oC0R+XA5KTzeXRN+GF7NjOXs3dVItj4J+gQVdpq4/qbnMb1hMHw==",
      "requires": {
        "mime-types": "~1.0.0",
        "negotiator": "0.4.7"
      }
    },
    "bson": {
      "version": "0.2.2",
      "resolved": "https://registry.npmjs.org/bson/-/bson-0.2.2.tgz",
      "integrity": "sha512-lL3VqRQ3bNAHRTFvY+r3SRnbicZgmXq+YNEYTLEwx4OmObCc0bx/SkjAS8ZsdxZUVb238F3bTdFYJ6WVdeWVFg=="
    },
    "buffer-crc32": {
      "version": "0.2.3",
      "resolved": "https://registry.npmjs.org/buffer-crc32/-/buffer-crc32-0.2.3.tgz",
      "integrity": "sha512-HLvoSqq1z8fJEcT1lUlJZ4OJaXJZ1wsWm0+fBxkz9Bdf/WphA4Da7FtGUguNNyEXL4WB0hNMTaWmdFRFPy8YOQ=="
    },
    "cookie": {
      "version": "0.1.2",
      "resolved": "https://registry.npmjs.org/cookie/-/cookie-0.1.2.tgz",
      "integrity": "sha1-cv7D0k5Io0Mgc9kMEmQgBQYQBLE="
    },
    "cookie-signature": {
      "version": "1.0.4",
      "resolved": "https://registry.npmjs.org/cookie-signature/-/cookie-signature-1.0.4.tgz",
      "integrity": "sha1-Dt0iKG46ERuaKnDbNj6SXoZ/aso="
    },
    "cors": {
      "version": "2.8.5",
      "resolved": "https://registry.npmjs.org/cors/-/cors-2.8.5.tgz",
      "integrity": "sha512-KIHbLJqu73RGr/hnbrO9uBeixNGuvSQjul/jdFvS/KFSIH1hWVd1ng7zOHx+YrEfInLG7q4n6GHQ9cDtxv/P6g==",
      "requires": {
        "object-assign": "^4",
        "vary": "^1"
      },
      "dependencies": {
        "vary": {
          "version": "1.1.2",
          "resolved": "https://registry.npmjs.org/vary/-/vary-1.1.2.tgz",
          "integrity": "sha1-IpnwLG3tMNSllhsLn3RSShj2NPw="
        }
      }
    },
    "debug": {
      "version": "1.0.4",
      "resolved": "https://registry.npmjs.org/debug/-/debug-1.0.4.tgz",
      "integrity": "sha1-W5wla9VLbsAigxdvqKDt5tFUy/g=",
      "requires": {
        "ms": "0.6.2"
      },
      "dependencies": {
        "ms": {
          "version": "0.6.2",
          "resolved": "https://registry.npmjs.org/ms/-/ms-0.6.2.tgz",
          "integrity": "sha1-2JwhJMb9wTU9Zai3e/GqxLGTcIw="
        }
      }
    },
    "denque": {
      "version": "2.0.1",
      "resolved": "https://registry.npmjs.org/denque/-/denque-2.0.1.tgz",
      "integrity": "sha512-tfiWc6BQLXNLpNiR5iGd0Ocu3P3VpxfzFiqubLgMfhfOw9WyvgJBd46CClNn9k3qfbjvT//0cf7AlYRX/OslMQ=="
    },
    "depd": {
      "version": "0.4.4",
      "resolved": "https://registry.npmjs.org/depd/-/depd-0.4.4.tgz",
      "integrity": "sha1-BwkfrnX5eCjYm0oCotR3jw58BmI="
    },
    "destroy": {
      "version": "1.0.3",
      "resolved": "https://registry.npmjs.org/destroy/-/destroy-1.0.3.tgz",
      "integrity": "sha1-tDO0ck5x/YVR2YhRdIUcX8N34sk="
    },
    "dottie": {
      "version": "2.0.2",
      "resolved": "https://registry.npmjs.org/dottie/-/dottie-2.0.2.tgz",
      "integrity": "sha512-fmrwR04lsniq/uSr8yikThDTrM7epXHBAAjH9TbeH3rEA8tdCO7mRzB9hdmdGyJCxF8KERo9CITcm3kGuoyMhg=="
    },
    "ee-first": {
      "version": "1.0.5",
      "resolved": "https://registry.npmjs.org/ee-first/-/ee-first-1.0.5.tgz",
      "integrity": "sha1-jJshKJjYzZ8alDZlDOe+ICyen/A="
    },
    "escape-html": {
      "version": "1.0.1",
      "resolved": "https://registry.npmjs.org/escape-html/-/escape-html-1.0.1.tgz",
      "integrity": "sha1-GBoobq05ejmpKFfPsdQwUuNWv/A="
    },
    "express": {
      "version": "4.8.8",
      "resolved": "https://registry.npmjs.org/express/-/express-4.8.8.tgz",
      "integrity": "sha1-aro0jM36h2CAQLEsoAEBB6Cqwo4=",
      "requires": {
        "accepts": "~1.0.7",
        "buffer-crc32": "0.2.3",
        "cookie": "0.1.2",
        "cookie-signature": "1.0.4",
        "debug": "1.0.4",
        "depd": "0.4.4",
        "escape-html": "1.0.1",
        "finalhandler": "0.1.0",
        "fresh": "0.2.2",
        "media-typer": "0.2.0",
        "merge-descriptors": "0.0.2",
        "methods": "1.1.0",
        "parseurl": "~1.3.0",
        "path-to-regexp": "0.1.3",
        "proxy-addr": "1.0.1",
        "qs": "2.2.2",
        "range-parser": "1.0.0",
        "send": "0.8.5",
        "serve-static": "~1.5.4",
        "type-is": "~1.3.2",
        "utils-merge": "1.0.0",
        "vary": "0.1.0"
      }
    },
    "finalhandler": {
      "version": "0.1.0",
      "resolved": "https://registry.npmjs.org/finalhandler/-/finalhandler-0.1.0.tgz",
      "integrity": "sha1-2gW7xPX0owyEzh2R88FUAHxOnao=",
      "requires": {
        "debug": "1.0.4",
        "escape-html": "1.0.1"
      }
    },
    "fresh": {
      "version": "0.2.2",
      "resolved": "https://registry.npmjs.org/fresh/-/fresh-0.2.2.tgz",
      "integrity": "sha1-lzHc9WeMf660T7kDxPct9VGH+nc="
    },
    "generate-function": {
      "version": "2.3.1",
      "resolved": "https://registry.npmjs.org/generate-function/-/generate-function-2.3.1.tgz",
      "integrity": "sha512-eeB5GfMNeevm/GRYq20ShmsaGcmI81kIX2K9XQx5miC8KdHaC6Jm0qQ8ZNeGOi7wYB8OsdxKs+Y2oVuTFuVwKQ==",
      "requires": {
        "is-property": "^1.0.2"
      }
    },
    "hooks": {
      "version": "0.2.1",
      "resolved": "https://registry.npmjs.org/hooks/-/hooks-0.2.1.tgz",
      "integrity": "sha1-D1kbGzRL3LPfWXc/Yvu6+Fv0Aos="
    },
    "iconv-lite": {
      "version": "0.6.3",
      "resolved": "https://registry.npmjs.org/iconv-lite/-/iconv-lite-0.6.3.tgz",
      "integrity": "sha512-4fCk79wshMdzMp2rH06qWrJE4iolqLhCUH+OiuIgU++RB0+94NlDL81atO7GX55uUKueo0txHNtvEyI6D7WdMw==",
      "requires": {
        "safer-buffer": ">= 2.1.2 < 3.0.0"
      }
    },
    "inflection": {
      "version": "1.13.2",
      "resolved": "https://registry.npmjs.org/inflection/-/inflection-1.13.2.tgz",
      "integrity": "sha512-cmZlljCRTBFouT8UzMzrGcVEvkv6D/wBdcdKG7J1QH5cXjtU75Dm+P27v9EKu/Y43UYyCJd1WC4zLebRrC8NBw=="
    },
    "ipaddr.js": {
      "version": "0.1.2",
      "resolved": "https://registry.npmjs.org/ipaddr.js/-/ipaddr.js-0.1.2.tgz",
      "integrity": "sha1-ah/T2FT1ACllw017vNm0qNSwRn4="
    },
    "is-property": {
      "version": "1.0.2",
      "resolved": "https://registry.npmjs.org/is-property/-/is-property-1.0.2.tgz",
      "integrity": "sha1-V/4cTkhHTt1lsJkR8msc1Ald2oQ="
    },
    "kerberos": {
      "version": "0.0.3",
      "resolved": "https://registry.npmjs.org/kerberos/-/kerberos-0.0.3.tgz",
      "integrity": "sha1-QoXZKgdI2yeEBi9a3OyfWVbLgYo=",
      "optional": true
    },
    "lodash": {
      "version": "4.17.21",
      "resolved": "https://registry.npmjs.org/lodash/-/lodash-4.17.21.tgz",
      "integrity": "sha512-v2kDEe57lecTulaDIuNTPy3Ry4gLGJ6Z1O3vE1krgXZNrsQ+LFTGHVxVjcXPs17LhbZVGedAJv8XZ1tvj5FvSg=="
    },
    "long": {
      "version": "4.0.0",
      "resolved": "https://registry.npmjs.org/long/-/long-4.0.0.tgz",
      "integrity": "sha512-XsP+KhQif4bjX1kbuSiySJFNAehNxgLb6hPRGJ9QsUr8ajHkuXGdrHmFUTUUXhDwVX2R5bY4JNZEwbUiMhV+MA=="
    },
    "lru-cache": {
      "version": "6.0.0",
      "resolved": "https://registry.npmjs.org/lru-cache/-/lru-cache-6.0.0.tgz",
      "integrity": "sha512-Jo6dJ04CmSjuznwJSS3pUeWmd/H0ffTlkXXgwZi+eq1UCmqQwCh+eLsYOYCwY991i2Fah4h1BEMCx4qThGbsiA==",
      "requires": {
        "yallist": "^4.0.0"
      }
    },
    "media-typer": {
      "version": "0.2.0",
      "resolved": "https://registry.npmjs.org/media-typer/-/media-typer-0.2.0.tgz",
      "integrity": "sha1-2KBlITrf6qLnYyGitt2jb/YzWYQ="
    },
    "merge-descriptors": {
      "version": "0.0.2",
      "resolved": "https://registry.npmjs.org/merge-descriptors/-/merge-descriptors-0.0.2.tgz",
      "integrity": "sha1-w2pSp4FDdRPFcnXzndnTF1FKyMc="
    },
    "methods": {
      "version": "1.1.0",
      "resolved": "https://registry.npmjs.org/methods/-/methods-1.1.0.tgz",
      "integrity": "sha1-XcpO4S31L/OwVhRZhqjwHLyGQ28="
    },
    "mime": {
      "version": "1.2.11",
      "resolved": "https://registry.npmjs.org/mime/-/mime-1.2.11.tgz",
      "integrity": "sha1-WCA+7Ybjpe8XrtK32evUfwpg3RA="
    },
    "mime-types": {
      "version": "1.0.2",
      "resolved": "https://registry.npmjs.org/mime-types/-/mime-types-1.0.2.tgz",
      "integrity": "sha1-mVrhOSq4r/y/yyZB3QVOlDwNXc4="
    },
    "moment": {
      "version": "2.29.3",
      "resolved": "https://registry.npmjs.org/moment/-/moment-2.29.3.tgz",
      "integrity": "sha512-c6YRvhEo//6T2Jz/vVtYzqBzwvPT95JBQ+smCytzf7c50oMZRsR/a4w88aD34I+/QVSfnoAnSBFPJHItlOMJVw=="
    },
    "moment-timezone": {
      "version": "0.5.34",
      "resolved": "https://registry.npmjs.org/moment-timezone/-/moment-timezone-0.5.34.tgz",
      "integrity": "sha512-3zAEHh2hKUs3EXLESx/wsgw6IQdusOT8Bxm3D9UrHPQR7zlMmzwybC8zHEM1tQ4LJwP7fcxrWr8tuBg05fFCbg==",
      "requires": {
        "moment": ">= 2.9.0"
      }
    },
    "mongodb": {
      "version": "1.3.19",
      "resolved": "https://registry.npmjs.org/mongodb/-/mongodb-1.3.19.tgz",
      "integrity": "sha1-8inbJAmPAZ2G0TWq+KGrXyZYsdQ=",
      "requires": {
        "bson": "0.2.2",
        "kerberos": "0.0.3"
      }
    },
    "mongoose": {
      "version": "3.6.20",
      "resolved": "https://registry.npmjs.org/mongoose/-/mongoose-3.6.20.tgz",
      "integrity": "sha1-RyY4Q+a4EuogfuwQTECjbI0hX1M=",
      "requires": {
        "hooks": "0.2.1",
        "mongodb": "1.3.19",
        "mpath": "0.1.1",
        "mpromise": "0.2.1",
        "ms": "0.1.0",
        "muri": "0.3.1",
        "regexp-clone": "0.0.1",
        "sliced": "0.0.5"
      }
    },
    "mpath": {
      "version": "0.1.1",
      "resolved": "https://registry.npmjs.org/mpath/-/mpath-0.1.1.tgz",
      "integrity": "sha1-I9qFK3wjLuCX9HWdKcDunNItXkY="
    },
    "mpromise": {
      "version": "0.2.1",
      "resolved": "https://registry.npmjs.org/mpromise/-/mpromise-0.2.1.tgz",
      "integrity": "sha1-+73CjLAgfkm4pOsaTAzqbC3nlMg=",
      "requires": {
        "sliced": "0.0.4"
      },
      "dependencies": {
        "sliced": {
          "version": "0.0.4",
          "resolved": "https://registry.npmjs.org/sliced/-/sliced-0.0.4.tgz",
          "integrity": "sha1-NPiabbHzH6Ul9aVw9bz4d88JVe4="
        }
      }
    },
    "ms": {
      "version": "0.1.0",
      "resolved": "https://registry.npmjs.org/ms/-/ms-0.1.0.tgz",
      "integrity": "sha1-8h+sSQ2vHXZn/RgP6QdzicyUQrI="
    },
    "muri": {
      "version": "0.3.1",
      "resolved": "https://registry.npmjs.org/muri/-/muri-0.3.1.tgz",
      "integrity": "sha1-hhiJxchX8aQ3AL7oXVBzH2FyfJo="
    },
    "mysql2": {
      "version": "2.3.3",
      "resolved": "https://registry.npmjs.org/mysql2/-/mysql2-2.3.3.tgz",
      "integrity": "sha512-wxJUev6LgMSgACDkb/InIFxDprRa6T95+VEoR+xPvtngtccNH2dGjEB/fVZ8yg1gWv1510c9CvXuJHi5zUm0ZA==",
      "requires": {
        "denque": "^2.0.1",
        "generate-function": "^2.3.1",
        "iconv-lite": "^0.6.3",
        "long": "^4.0.0",
        "lru-cache": "^6.0.0",
        "named-placeholders": "^1.1.2",
        "seq-queue": "^0.0.5",
        "sqlstring": "^2.3.2"
      }
    },
    "named-placeholders": {
      "version": "1.1.2",
      "resolved": "https://registry.npmjs.org/named-placeholders/-/named-placeholders-1.1.2.tgz",
      "integrity": "sha512-wiFWqxoLL3PGVReSZpjLVxyJ1bRqe+KKJVbr4hGs1KWfTZTQyezHFBbuKj9hsizHyGV2ne7EMjHdxEGAybD5SA==",
      "requires": {
        "lru-cache": "^4.1.3"
      },
      "dependencies": {
        "lru-cache": {
          "version": "4.1.5",
          "resolved": "https://registry.npmjs.org/lru-cache/-/lru-cache-4.1.5.tgz",
          "integrity": "sha512-sWZlbEP2OsHNkXrMl5GYk/jKk70MBng6UU4YI/qGDYbgf6YbP4EvmqISbXCoJiRKs+1bSpFHVgQxvJ17F2li5g==",
          "requires": {
            "pseudomap": "^1.0.2",
            "yallist": "^2.1.2"
          }
        },
        "yallist": {
          "version": "2.1.2",
          "resolved": "https://registry.npmjs.org/yallist/-/yallist-2.1.2.tgz",
          "integrity": "sha1-HBH5IY8HYImkfdUS+TxmmaaoHVI="
        }
      }
    },
    "negotiator": {
      "version": "0.4.7",
      "resolved": "https://registry.npmjs.org/negotiator/-/negotiator-0.4.7.tgz",
      "integrity": "sha1-pBYPcXfsgGc4Yx0NMFIyXaQqvcg="
    },
    "object-assign": {
      "version": "4.1.1",
      "resolved": "https://registry.npmjs.org/object-assign/-/object-assign-4.1.1.tgz",
      "integrity": "sha1-IQmtx5ZYh8/AXLvUQsrIv7s2CGM="
    },
    "on-finished": {
      "version": "2.1.0",
      "resolved": "https://registry.npmjs.org/on-finished/-/on-finished-2.1.0.tgz",
      "integrity": "sha1-DFOfCSkej/rd4MiiWFD7LO3HAi0=",
      "requires": {
        "ee-first": "1.0.5"
      }
    },
    "parseurl": {
      "version": "1.3.3",
      "resolved": "https://registry.npmjs.org/parseurl/-/parseurl-1.3.3.tgz",
      "integrity": "sha512-CiyeOxFT/JZyN5m0z9PfXw4SCBJ6Sygz1Dpl0wqjlhDEGGBP1GnsUVEL0p63hoG1fcj3fHynXi9NYO4nWOL+qQ=="
    },
    "path-to-regexp": {
      "version": "0.1.3",
      "resolved": "https://registry.npmjs.org/path-to-regexp/-/path-to-regexp-0.1.3.tgz",
      "integrity": "sha1-IbmrgidCed4lsVbqCP0SylG4rss="
    },
    "pg-connection-string": {
      "version": "2.5.0",
      "resolved": "https://registry.npmjs.org/pg-connection-string/-/pg-connection-string-2.5.0.tgz",
      "integrity": "sha512-r5o/V/ORTA6TmUnyWZR9nCj1klXCO2CEKNRlVuJptZe85QuhFayC7WeMic7ndayT5IRIR0S0xFxFi2ousartlQ=="
    },
    "proxy-addr": {
      "version": "1.0.1",
      "resolved": "https://registry.npmjs.org/proxy-addr/-/proxy-addr-1.0.1.tgz",
      "integrity": "sha1-x8Vm1etOP61n7rnHfFVYzMObiKg=",
      "requires": {
        "ipaddr.js": "0.1.2"
      }
    },
    "pseudomap": {
      "version": "1.0.2",
      "resolved": "https://registry.npmjs.org/pseudomap/-/pseudomap-1.0.2.tgz",
      "integrity": "sha1-8FKijacOYYkX7wqKw0wa5aaChrM="
    },
    "qs": {
      "version": "2.2.2",
      "resolved": "https://registry.npmjs.org/qs/-/qs-2.2.2.tgz",
      "integrity": "sha1-3+eD8YVLGsKzreknda0D4n4DIYw="
    },
    "range-parser": {
      "version": "1.0.0",
      "resolved": "https://registry.npmjs.org/range-parser/-/range-parser-1.0.0.tgz",
      "integrity": "sha1-pLJkz+C+XONqvjdlrJwqJIdG28A="
    },
    "regexp-clone": {
      "version": "0.0.1",
      "resolved": "https://registry.npmjs.org/regexp-clone/-/regexp-clone-0.0.1.tgz",
      "integrity": "sha1-p8LgmJH9vzj7sQ03b7cwA+aKxYk="
    },
    "retry-as-promised": {
      "version": "5.0.0",
      "resolved": "https://registry.npmjs.org/retry-as-promised/-/retry-as-promised-5.0.0.tgz",
      "integrity": "sha512-6S+5LvtTl2ggBumk04hBo/4Uf6fRJUwIgunGZ7CYEBCeufGFW1Pu6ucUf/UskHeWOIsUcLOGLFXPig5tR5V1nA=="
    },
    "safer-buffer": {
      "version": "2.1.2",
      "resolved": "https://registry.npmjs.org/safer-buffer/-/safer-buffer-2.1.2.tgz",
      "integrity": "sha512-YZo3K82SD7Riyi0E1EQPojLz7kpepnSQI9IyPbHHg1XXXevb5dJI7tpyN2ADxGcQbHG7vcyRHk0cbwqcQriUtg=="
    },
    "semver": {
      "version": "7.3.7",
      "resolved": "https://registry.npmjs.org/semver/-/semver-7.3.7.tgz",
      "integrity": "sha512-QlYTucUYOews+WeEujDoEGziz4K6c47V/Bd+LjSSYcA94p+DmINdf7ncaUinThfvZyu13lN9OY1XDxt8C0Tw0g==",
      "requires": {
        "lru-cache": "^6.0.0"
      }
    },
    "send": {
      "version": "0.8.5",
      "resolved": "https://registry.npmjs.org/send/-/send-0.8.5.tgz",
      "integrity": "sha1-N/cIIW5vUMF150xp/sU0hOL9gsc=",
      "requires": {
        "debug": "1.0.4",
        "depd": "0.4.4",
        "destroy": "1.0.3",
        "escape-html": "1.0.1",
        "fresh": "0.2.2",
        "mime": "1.2.11",
        "ms": "0.6.2",
        "on-finished": "2.1.0",
        "range-parser": "~1.0.0"
      },
      "dependencies": {
        "ms": {
          "version": "0.6.2",
          "resolved": "https://registry.npmjs.org/ms/-/ms-0.6.2.tgz",
          "integrity": "sha1-2JwhJMb9wTU9Zai3e/GqxLGTcIw="
        }
      }
    },
    "seq-queue": {
      "version": "0.0.5",
      "resolved": "https://registry.npmjs.org/seq-queue/-/seq-queue-0.0.5.tgz",
      "integrity": "sha1-1WgS4cAXpuTnw+Ojeh2m143TyT4="
    },
    "sequelize": {
      "version": "6.19.2",
      "resolved": "https://registry.npmjs.org/sequelize/-/sequelize-6.19.2.tgz",
      "integrity": "sha512-799X+BsyloPzq1ooZQNJgevRYwdAla50+6MchUra28Mdw3xmc0NTj+16pb/cAaKDcQS2pgmyDn1ZePjP2wS0nA==",
      "requires": {
        "@types/debug": "^4.1.7",
        "@types/validator": "^13.7.1",
        "debug": "^4.3.3",
        "dottie": "^2.0.2",
        "inflection": "^1.13.2",
        "lodash": "^4.17.21",
        "moment": "^2.29.1",
        "moment-timezone": "^0.5.34",
        "pg-connection-string": "^2.5.0",
        "retry-as-promised": "^5.0.0",
        "semver": "^7.3.5",
        "sequelize-pool": "^7.1.0",
        "toposort-class": "^1.0.1",
        "uuid": "^8.3.2",
        "validator": "^13.7.0",
        "wkx": "^0.5.0"
      },
      "dependencies": {
        "debug": {
          "version": "4.3.4",
          "resolved": "https://registry.npmjs.org/debug/-/debug-4.3.4.tgz",
          "integrity": "sha512-PRWFHuSU3eDtQJPvnNY7Jcket1j0t5OuOsFzPPzsekD52Zl8qUfFIPEiswXqIvHWGVHOgX+7G/vCNNhehwxfkQ==",
          "requires": {
            "ms": "2.1.2"
          }
        },
        "ms": {
          "version": "2.1.2",
          "resolved": "https://registry.npmjs.org/ms/-/ms-2.1.2.tgz",
          "integrity": "sha512-sGkPx+VjMtmA6MX27oA4FBFELFCZZ4S4XqeGOXCv68tT+jb3vk/RyaKWP0PTKyWtmLSM0b+adUTEvbs1PEaH2w=="
        }
      }
    },
    "sequelize-pool": {
      "version": "7.1.0",
      "resolved": "https://registry.npmjs.org/sequelize-pool/-/sequelize-pool-7.1.0.tgz",
      "integrity": "sha512-G9c0qlIWQSK29pR/5U2JF5dDQeqqHRragoyahj/Nx4KOOQ3CPPfzxnfqFPCSB7x5UgjOgnZ61nSxz+fjDpRlJg=="
    },
    "serve-static": {
      "version": "1.5.4",
      "resolved": "https://registry.npmjs.org/serve-static/-/serve-static-1.5.4.tgz",
      "integrity": "sha1-gZ+zeuRr0C3VILd/z3/Y9REvl4I=",
      "requires": {
        "escape-html": "1.0.1",
        "parseurl": "~1.3.0",
        "send": "0.8.5",
        "utils-merge": "1.0.0"
      }
    },
    "sliced": {
      "version": "0.0.5",
      "resolved": "https://registry.npmjs.org/sliced/-/sliced-0.0.5.tgz",
      "integrity": "sha1-XtwETKTrb3gW1Qui/GPiXY/kcH8="
    },
    "sqlstring": {
      "version": "2.3.3",
      "resolved": "https://registry.npmjs.org/sqlstring/-/sqlstring-2.3.3.tgz",
      "integrity": "sha512-qC9iz2FlN7DQl3+wjwn3802RTyjCx7sDvfQEXchwa6CWOx07/WVfh91gBmQ9fahw8snwGEWU3xGzOt4tFyHLxg=="
    },
    "toposort-class": {
      "version": "1.0.1",
      "resolved": "https://registry.npmjs.org/toposort-class/-/toposort-class-1.0.1.tgz",
      "integrity": "sha1-f/0feMi+KMO6Rc1OGj9e4ZO9mYg="
    },
    "type-is": {
      "version": "1.3.2",
      "resolved": "https://registry.npmjs.org/type-is/-/type-is-1.3.2.tgz",
      "integrity": "sha1-TypdxYd1yhYwJQr8cYb4s2MJ0bs=",
      "requires": {
        "media-typer": "0.2.0",
        "mime-types": "~1.0.1"
      }
    },
    "utils-merge": {
      "version": "1.0.0",
      "resolved": "https://registry.npmjs.org/utils-merge/-/utils-merge-1.0.0.tgz",
      "integrity": "sha1-ApT7kiu5N1FTVBxPcJYjHyh8ivg="
    },
    "uuid": {
      "version": "8.3.2",
      "resolved": "https://registry.npmjs.org/uuid/-/uuid-8.3.2.tgz",
      "integrity": "sha512-+NYs2QeMWy+GWFOEm9xnn6HCDp0l7QBD7ml8zLUmJ+93Q5NF0NocErnwkTkXVFNiX3/fpC6afS8Dhb/gz7R7eg=="
    },
    "validator": {
      "version": "13.7.0",
      "resolved": "https://registry.npmjs.org/validator/-/validator-13.7.0.tgz",
      "integrity": "sha512-nYXQLCBkpJ8X6ltALua9dRrZDHVYxjJ1wgskNt1lH9fzGjs3tgojGSCBjmEPwkWS1y29+DrizMTW19Pr9uB2nw=="
    },
    "vary": {
      "version": "0.1.0",
      "resolved": "https://registry.npmjs.org/vary/-/vary-0.1.0.tgz",
      "integrity": "sha1-3wlFiZ6TwMxb0YzIMh2dIedPYXY="
    },
    "wkx": {
      "version": "0.5.0",
      "resolved": "https://registry.npmjs.org/wkx/-/wkx-0.5.0.tgz",
      "integrity": "sha512-Xng/d4Ichh8uN4l0FToV/258EjMGU9MGcA0HV2d9B/ZpZB3lqQm7nkOdZdm5GhKtLLhAE7PiVQwN4eN+2YJJUg==",
      "requires": {
        "@types/node": "*"
      }
    },
    "yallist": {
      "version": "4.0.0",
      "resolved": "https://registry.npmjs.org/yallist/-/yallist-4.0.0.tgz",
      "integrity": "sha512-3wdGidZyq5PB084XLES5TpOSRA3wjXAlIWMhum2kRcv/41Sn2emQ0dycQW4uZXLejwKvg6EsvbdlVL+FYEct7A=="
    }
  }
}
